// !$*UTF8*$!
{
	archiveVersion = 1;
	classes = {
	};
	objectVersion = 50;
	objects = {

/* Begin PBXBuildFile section */
		AFF309BE22679BA500F95A95 /* AppDelegate.swift in Sources */ = {isa = PBXBuildFile; fileRef = AFF309BD22679BA500F95A95 /* AppDelegate.swift */; };
		AFF309C622679BA500F95A95 /* CurrencyExchange.xcdatamodeld in Sources */ = {isa = PBXBuildFile; fileRef = AFF309C422679BA500F95A95 /* CurrencyExchange.xcdatamodeld */; };
		AFF309C822679BA600F95A95 /* Assets.xcassets in Resources */ = {isa = PBXBuildFile; fileRef = AFF309C722679BA600F95A95 /* Assets.xcassets */; };
		AFF309CB22679BA600F95A95 /* LaunchScreen.storyboard in Resources */ = {isa = PBXBuildFile; fileRef = AFF309C922679BA600F95A95 /* LaunchScreen.storyboard */; };
		AFF309D522679DF700F95A95 /* RateListTableViewController.swift in Sources */ = {isa = PBXBuildFile; fileRef = AFF309D422679DF700F95A95 /* RateListTableViewController.swift */; };
		AFF309D922679FD900F95A95 /* currencies.txt in Resources */ = {isa = PBXBuildFile; fileRef = AFF309D822679FD900F95A95 /* currencies.txt */; };
		AFF309DB2267A01F00F95A95 /* FromCurrencyTableViewController.swift in Sources */ = {isa = PBXBuildFile; fileRef = AFF309DA2267A01F00F95A95 /* FromCurrencyTableViewController.swift */; };
		AFF309DD2267A02800F95A95 /* ToCurrencyTableViewController.swift in Sources */ = {isa = PBXBuildFile; fileRef = AFF309DC2267A02800F95A95 /* ToCurrencyTableViewController.swift */; };
		AFF309DF2267A2F000F95A95 /* RateTableViewCell.swift in Sources */ = {isa = PBXBuildFile; fileRef = AFF309DE2267A2F000F95A95 /* RateTableViewCell.swift */; };
		AFF309E22267A4E300F95A95 /* Localizable.strings in Resources */ = {isa = PBXBuildFile; fileRef = AFF309E42267A4E300F95A95 /* Localizable.strings */; };
		AFF309E72267A53300F95A95 /* String+Localized.swift in Sources */ = {isa = PBXBuildFile; fileRef = AFF309E62267A53300F95A95 /* String+Localized.swift */; };
		AFF309FC2267AA4200F95A95 /* RateDataManager.swift in Sources */ = {isa = PBXBuildFile; fileRef = AFF309FB2267AA4200F95A95 /* RateDataManager.swift */; };
		AFF309FE2267AED400F95A95 /* CurrencyDataManager.swift in Sources */ = {isa = PBXBuildFile; fileRef = AFF309FD2267AED400F95A95 /* CurrencyDataManager.swift */; };
		AFF30A002267B6B000F95A95 /* CurrencyTableViewCell.swift in Sources */ = {isa = PBXBuildFile; fileRef = AFF309FF2267B6B000F95A95 /* CurrencyTableViewCell.swift */; };
		AFF30A0D2267C69D00F95A95 /* Rate+CoreDataClass.swift in Sources */ = {isa = PBXBuildFile; fileRef = AFF30A092267C69D00F95A95 /* Rate+CoreDataClass.swift */; };
		AFF30A0E2267C69D00F95A95 /* Rate+CoreDataProperties.swift in Sources */ = {isa = PBXBuildFile; fileRef = AFF30A0A2267C69D00F95A95 /* Rate+CoreDataProperties.swift */; };
		AFF30A0F2267C69D00F95A95 /* Currency+CoreDataClass.swift in Sources */ = {isa = PBXBuildFile; fileRef = AFF30A0B2267C69D00F95A95 /* Currency+CoreDataClass.swift */; };
		AFF30A102267C69D00F95A95 /* Currency+CoreDataProperties.swift in Sources */ = {isa = PBXBuildFile; fileRef = AFF30A0C2267C69D00F95A95 /* Currency+CoreDataProperties.swift */; };
/* End PBXBuildFile section */

/* Begin PBXFileReference section */
		AFF309BA22679BA500F95A95 /* CurrencyExchange.app */ = {isa = PBXFileReference; explicitFileType = wrapper.application; includeInIndex = 0; path = CurrencyExchange.app; sourceTree = BUILT_PRODUCTS_DIR; };
		AFF309BD22679BA500F95A95 /* AppDelegate.swift */ = {isa = PBXFileReference; lastKnownFileType = sourcecode.swift; path = AppDelegate.swift; sourceTree = "<group>"; };
		AFF309C522679BA500F95A95 /* CurrencyExchange.xcdatamodel */ = {isa = PBXFileReference; lastKnownFileType = wrapper.xcdatamodel; path = CurrencyExchange.xcdatamodel; sourceTree = "<group>"; };
		AFF309C722679BA600F95A95 /* Assets.xcassets */ = {isa = PBXFileReference; lastKnownFileType = folder.assetcatalog; path = Assets.xcassets; sourceTree = "<group>"; };
		AFF309CA22679BA600F95A95 /* Base */ = {isa = PBXFileReference; lastKnownFileType = file.storyboard; name = Base; path = Base.lproj/LaunchScreen.storyboard; sourceTree = "<group>"; };
		AFF309CC22679BA600F95A95 /* Info.plist */ = {isa = PBXFileReference; lastKnownFileType = text.plist.xml; path = Info.plist; sourceTree = "<group>"; };
		AFF309D422679DF700F95A95 /* RateListTableViewController.swift */ = {isa = PBXFileReference; lastKnownFileType = sourcecode.swift; path = RateListTableViewController.swift; sourceTree = "<group>"; };
		AFF309D822679FD900F95A95 /* currencies.txt */ = {isa = PBXFileReference; fileEncoding = 4; lastKnownFileType = text; path = currencies.txt; sourceTree = "<group>"; };
		AFF309DA2267A01F00F95A95 /* FromCurrencyTableViewController.swift */ = {isa = PBXFileReference; lastKnownFileType = sourcecode.swift; path = FromCurrencyTableViewController.swift; sourceTree = "<group>"; };
		AFF309DC2267A02800F95A95 /* ToCurrencyTableViewController.swift */ = {isa = PBXFileReference; lastKnownFileType = sourcecode.swift; path = ToCurrencyTableViewController.swift; sourceTree = "<group>"; };
		AFF309DE2267A2F000F95A95 /* RateTableViewCell.swift */ = {isa = PBXFileReference; lastKnownFileType = sourcecode.swift; path = RateTableViewCell.swift; sourceTree = "<group>"; };
		AFF309E32267A4E300F95A95 /* en */ = {isa = PBXFileReference; lastKnownFileType = text.plist.strings; name = en; path = en.lproj/Localizable.strings; sourceTree = "<group>"; };
		AFF309E62267A53300F95A95 /* String+Localized.swift */ = {isa = PBXFileReference; lastKnownFileType = sourcecode.swift; path = "String+Localized.swift"; sourceTree = "<group>"; };
		AFF309FB2267AA4200F95A95 /* RateDataManager.swift */ = {isa = PBXFileReference; lastKnownFileType = sourcecode.swift; path = RateDataManager.swift; sourceTree = "<group>"; };
		AFF309FD2267AED400F95A95 /* CurrencyDataManager.swift */ = {isa = PBXFileReference; lastKnownFileType = sourcecode.swift; path = CurrencyDataManager.swift; sourceTree = "<group>"; };
		AFF309FF2267B6B000F95A95 /* CurrencyTableViewCell.swift */ = {isa = PBXFileReference; lastKnownFileType = sourcecode.swift; path = CurrencyTableViewCell.swift; sourceTree = "<group>"; };
		AFF30A092267C69D00F95A95 /* Rate+CoreDataClass.swift */ = {isa = PBXFileReference; lastKnownFileType = sourcecode.swift; path = "Rate+CoreDataClass.swift"; sourceTree = "<group>"; };
		AFF30A0A2267C69D00F95A95 /* Rate+CoreDataProperties.swift */ = {isa = PBXFileReference; lastKnownFileType = sourcecode.swift; path = "Rate+CoreDataProperties.swift"; sourceTree = "<group>"; };
		AFF30A0B2267C69D00F95A95 /* Currency+CoreDataClass.swift */ = {isa = PBXFileReference; lastKnownFileType = sourcecode.swift; path = "Currency+CoreDataClass.swift"; sourceTree = "<group>"; };
		AFF30A0C2267C69D00F95A95 /* Currency+CoreDataProperties.swift */ = {isa = PBXFileReference; lastKnownFileType = sourcecode.swift; path = "Currency+CoreDataProperties.swift"; sourceTree = "<group>"; };
/* End PBXFileReference section */

/* Begin PBXFrameworksBuildPhase section */
		AFF309B722679BA400F95A95 /* Frameworks */ = {
			isa = PBXFrameworksBuildPhase;
			buildActionMask = 2147483647;
			files = (
			);
			runOnlyForDeploymentPostprocessing = 0;
		};
/* End PBXFrameworksBuildPhase section */

/* Begin PBXGroup section */
		AFF309B122679BA400F95A95 = {
			isa = PBXGroup;
			children = (
				AFF309BC22679BA500F95A95 /* CurrencyExchange */,
				AFF309BB22679BA500F95A95 /* Products */,
			);
			sourceTree = "<group>";
		};
		AFF309BB22679BA500F95A95 /* Products */ = {
			isa = PBXGroup;
			children = (
				AFF309BA22679BA500F95A95 /* CurrencyExchange.app */,
			);
			name = Products;
			sourceTree = "<group>";
		};
		AFF309BC22679BA500F95A95 /* CurrencyExchange */ = {
			isa = PBXGroup;
			children = (
				AFF309E42267A4E300F95A95 /* Localizable.strings */,
				AFF309FA2267AA0700F95A95 /* Managers */,
				AFF309E52267A51F00F95A95 /* Extensions */,
				AFF309D722679E8E00F95A95 /* Resources */,
				AFF309D622679E2E00F95A95 /* Cells */,
				AFF309D322679DCD00F95A95 /* Models */,
				AFF309D222679DC100F95A95 /* Controllers */,
				AFF309BD22679BA500F95A95 /* AppDelegate.swift */,
				AFF309C722679BA600F95A95 /* Assets.xcassets */,
				AFF309C922679BA600F95A95 /* LaunchScreen.storyboard */,
				AFF309CC22679BA600F95A95 /* Info.plist */,
				AFF309C422679BA500F95A95 /* CurrencyExchange.xcdatamodeld */,
			);
			path = CurrencyExchange;
			sourceTree = "<group>";
		};
		AFF309D222679DC100F95A95 /* Controllers */ = {
			isa = PBXGroup;
			children = (
				AFF309D422679DF700F95A95 /* RateListTableViewController.swift */,
				AFF309DA2267A01F00F95A95 /* FromCurrencyTableViewController.swift */,
				AFF309DC2267A02800F95A95 /* ToCurrencyTableViewController.swift */,
			);
			path = Controllers;
			sourceTree = "<group>";
		};
		AFF309D322679DCD00F95A95 /* Models */ = {
			isa = PBXGroup;
			children = (
				AFF30A092267C69D00F95A95 /* Rate+CoreDataClass.swift */,
				AFF30A0A2267C69D00F95A95 /* Rate+CoreDataProperties.swift */,
				AFF30A0B2267C69D00F95A95 /* Currency+CoreDataClass.swift */,
				AFF30A0C2267C69D00F95A95 /* Currency+CoreDataProperties.swift */,
			);
			path = Models;
			sourceTree = "<group>";
		};
		AFF309D622679E2E00F95A95 /* Cells */ = {
			isa = PBXGroup;
			children = (
				AFF309DE2267A2F000F95A95 /* RateTableViewCell.swift */,
				AFF309FF2267B6B000F95A95 /* CurrencyTableViewCell.swift */,
			);
			path = Cells;
			sourceTree = "<group>";
		};
		AFF309D722679E8E00F95A95 /* Resources */ = {
			isa = PBXGroup;
			children = (
				AFF309D822679FD900F95A95 /* currencies.txt */,
			);
			path = Resources;
			sourceTree = "<group>";
		};
		AFF309E52267A51F00F95A95 /* Extensions */ = {
			isa = PBXGroup;
			children = (
				AFF309E62267A53300F95A95 /* String+Localized.swift */,
			);
			path = Extensions;
			sourceTree = "<group>";
		};
		AFF309FA2267AA0700F95A95 /* Managers */ = {
			isa = PBXGroup;
			children = (
				AFF309FB2267AA4200F95A95 /* RateDataManager.swift */,
				AFF309FD2267AED400F95A95 /* CurrencyDataManager.swift */,
			);
			path = Managers;
			sourceTree = "<group>";
		};
/* End PBXGroup section */

/* Begin PBXNativeTarget section */
		AFF309B922679BA400F95A95 /* CurrencyExchange */ = {
			isa = PBXNativeTarget;
			buildConfigurationList = AFF309CF22679BA600F95A95 /* Build configuration list for PBXNativeTarget "CurrencyExchange" */;
			buildPhases = (
				AFF309B622679BA400F95A95 /* Sources */,
				AFF309B722679BA400F95A95 /* Frameworks */,
				AFF309B822679BA400F95A95 /* Resources */,
			);
			buildRules = (
			);
			dependencies = (
			);
			name = CurrencyExchange;
			productName = CurrencyExchange;
			productReference = AFF309BA22679BA500F95A95 /* CurrencyExchange.app */;
			productType = "com.apple.product-type.application";
		};
/* End PBXNativeTarget section */

/* Begin PBXProject section */
		AFF309B222679BA400F95A95 /* Project object */ = {
			isa = PBXProject;
			attributes = {
				LastSwiftUpdateCheck = 1010;
				LastUpgradeCheck = 1010;
				ORGANIZATIONNAME = "Namik Yaqubov";
				TargetAttributes = {
					AFF309B922679BA400F95A95 = {
						CreatedOnToolsVersion = 10.1;
					};
				};
			};
			buildConfigurationList = AFF309B522679BA400F95A95 /* Build configuration list for PBXProject "CurrencyExchange" */;
			compatibilityVersion = "Xcode 9.3";
			developmentRegion = en;
			hasScannedForEncodings = 0;
			knownRegions = (
				en,
				Base,
			);
			mainGroup = AFF309B122679BA400F95A95;
			productRefGroup = AFF309BB22679BA500F95A95 /* Products */;
			projectDirPath = "";
			projectRoot = "";
			targets = (
				AFF309B922679BA400F95A95 /* CurrencyExchange */,
			);
		};
/* End PBXProject section */

/* Begin PBXResourcesBuildPhase section */
		AFF309B822679BA400F95A95 /* Resources */ = {
			isa = PBXResourcesBuildPhase;
			buildActionMask = 2147483647;
			files = (
				AFF309D922679FD900F95A95 /* currencies.txt in Resources */,
				AFF309E22267A4E300F95A95 /* Localizable.strings in Resources */,
				AFF309CB22679BA600F95A95 /* LaunchScreen.storyboard in Resources */,
				AFF309C822679BA600F95A95 /* Assets.xcassets in Resources */,
			);
			runOnlyForDeploymentPostprocessing = 0;
		};
/* End PBXResourcesBuildPhase section */

/* Begin PBXSourcesBuildPhase section */
		AFF309B622679BA400F95A95 /* Sources */ = {
			isa = PBXSourcesBuildPhase;
			buildActionMask = 2147483647;
			files = (
				AFF30A002267B6B000F95A95 /* CurrencyTableViewCell.swift in Sources */,
				AFF309C622679BA500F95A95 /* CurrencyExchange.xcdatamodeld in Sources */,
				AFF309FC2267AA4200F95A95 /* RateDataManager.swift in Sources */,
				AFF30A0D2267C69D00F95A95 /* Rate+CoreDataClass.swift in Sources */,
				AFF309D522679DF700F95A95 /* RateListTableViewController.swift in Sources */,
				AFF309FE2267AED400F95A95 /* CurrencyDataManager.swift in Sources */,
				AFF30A0F2267C69D00F95A95 /* Currency+CoreDataClass.swift in Sources */,
				AFF309DB2267A01F00F95A95 /* FromCurrencyTableViewController.swift in Sources */,
				AFF309BE22679BA500F95A95 /* AppDelegate.swift in Sources */,
				AFF309E72267A53300F95A95 /* String+Localized.swift in Sources */,
				AFF309DD2267A02800F95A95 /* ToCurrencyTableViewController.swift in Sources */,
				AFF309DF2267A2F000F95A95 /* RateTableViewCell.swift in Sources */,
				AFF30A102267C69D00F95A95 /* Currency+CoreDataProperties.swift in Sources */,
				AFF30A0E2267C69D00F95A95 /* Rate+CoreDataProperties.swift in Sources */,
			);
			runOnlyForDeploymentPostprocessing = 0;
		};
/* End PBXSourcesBuildPhase section */

/* Begin PBXVariantGroup section */
		AFF309C922679BA600F95A95 /* LaunchScreen.storyboard */ = {
			isa = PBXVariantGroup;
			children = (
				AFF309CA22679BA600F95A95 /* Base */,
			);
			name = LaunchScreen.storyboard;
			sourceTree = "<group>";
		};
		AFF309E42267A4E300F95A95 /* Localizable.strings */ = {
			isa = PBXVariantGroup;
			children = (
				AFF309E32267A4E300F95A95 /* en */,
			);
			name = Localizable.strings;
			sourceTree = "<group>";
		};
/* End PBXVariantGroup section */

/* Begin XCBuildConfiguration section */
		AFF309CD22679BA600F95A95 /* Debug */ = {
			isa = XCBuildConfiguration;
			buildSettings = {
				ALWAYS_SEARCH_USER_PATHS = NO;
				CLANG_ANALYZER_NONNULL = YES;
				CLANG_ANALYZER_NUMBER_OBJECT_CONVERSION = YES_AGGRESSIVE;
				CLANG_CXX_LANGUAGE_STANDARD = "gnu++14";
				CLANG_CXX_LIBRARY = "libc++";
				CLANG_ENABLE_MODULES = YES;
				CLANG_ENABLE_OBJC_ARC = YES;
				CLANG_ENABLE_OBJC_WEAK = YES;
				CLANG_WARN_BLOCK_CAPTURE_AUTORELEASING = YES;
				CLANG_WARN_BOOL_CONVERSION = YES;
				CLANG_WARN_COMMA = YES;
				CLANG_WARN_CONSTANT_CONVERSION = YES;
				CLANG_WARN_DEPRECATED_OBJC_IMPLEMENTATIONS = YES;
				CLANG_WARN_DIRECT_OBJC_ISA_USAGE = YES_ERROR;
				CLANG_WARN_DOCUMENTATION_COMMENTS = YES;
				CLANG_WARN_EMPTY_BODY = YES;
				CLANG_WARN_ENUM_CONVERSION = YES;
				CLANG_WARN_INFINITE_RECURSION = YES;
				CLANG_WARN_INT_CONVERSION = YES;
				CLANG_WARN_NON_LITERAL_NULL_CONVERSION = YES;
				CLANG_WARN_OBJC_IMPLICIT_RETAIN_SELF = YES;
				CLANG_WARN_OBJC_LITERAL_CONVERSION = YES;
				CLANG_WARN_OBJC_ROOT_CLASS = YES_ERROR;
				CLANG_WARN_RANGE_LOOP_ANALYSIS = YES;
				CLANG_WARN_STRICT_PROTOTYPES = YES;
				CLANG_WARN_SUSPICIOUS_MOVE = YES;
				CLANG_WARN_UNGUARDED_AVAILABILITY = YES_AGGRESSIVE;
				CLANG_WARN_UNREACHABLE_CODE = YES;
				CLANG_WARN__DUPLICATE_METHOD_MATCH = YES;
				CODE_SIGN_IDENTITY = "iPhone Developer";
				COPY_PHASE_STRIP = NO;
				DEBUG_INFORMATION_FORMAT = dwarf;
				ENABLE_STRICT_OBJC_MSGSEND = YES;
				ENABLE_TESTABILITY = YES;
				GCC_C_LANGUAGE_STANDARD = gnu11;
				GCC_DYNAMIC_NO_PIC = NO;
				GCC_NO_COMMON_BLOCKS = YES;
				GCC_OPTIMIZATION_LEVEL = 0;
				GCC_PREPROCESSOR_DEFINITIONS = (
					"DEBUG=1",
					"$(inherited)",
				);
				GCC_WARN_64_TO_32_BIT_CONVERSION = YES;
				GCC_WARN_ABOUT_RETURN_TYPE = YES_ERROR;
				GCC_WARN_UNDECLARED_SELECTOR = YES;
				GCC_WARN_UNINITIALIZED_AUTOS = YES_AGGRESSIVE;
				GCC_WARN_UNUSED_FUNCTION = YES;
				GCC_WARN_UNUSED_VARIABLE = YES;
				IPHONEOS_DEPLOYMENT_TARGET = 12.1;
				MTL_ENABLE_DEBUG_INFO = INCLUDE_SOURCE;
				MTL_FAST_MATH = YES;
				ONLY_ACTIVE_ARCH = YES;
				SDKROOT = iphoneos;
				SWIFT_ACTIVE_COMPILATION_CONDITIONS = DEBUG;
				SWIFT_OPTIMIZATION_LEVEL = "-Onone";
			};
			name = Debug;
		};
		AFF309CE22679BA600F95A95 /* Release */ = {
			isa = XCBuildConfiguration;
			buildSettings = {
				ALWAYS_SEARCH_USER_PATHS = NO;
				CLANG_ANALYZER_NONNULL = YES;
				CLANG_ANALYZER_NUMBER_OBJECT_CONVERSION = YES_AGGRESSIVE;
				CLANG_CXX_LANGUAGE_STANDARD = "gnu++14";
				CLANG_CXX_LIBRARY = "libc++";
				CLANG_ENABLE_MODULES = YES;
				CLANG_ENABLE_OBJC_ARC = YES;
				CLANG_ENABLE_OBJC_WEAK = YES;
				CLANG_WARN_BLOCK_CAPTURE_AUTORELEASING = YES;
				CLANG_WARN_BOOL_CONVERSION = YES;
				CLANG_WARN_COMMA = YES;
				CLANG_WARN_CONSTANT_CONVERSION = YES;
				CLANG_WARN_DEPRECATED_OBJC_IMPLEMENTATIONS = YES;
				CLANG_WARN_DIRECT_OBJC_ISA_USAGE = YES_ERROR;
				CLANG_WARN_DOCUMENTATION_COMMENTS = YES;
				CLANG_WARN_EMPTY_BODY = YES;
				CLANG_WARN_ENUM_CONVERSION = YES;
				CLANG_WARN_INFINITE_RECURSION = YES;
				CLANG_WARN_INT_CONVERSION = YES;
				CLANG_WARN_NON_LITERAL_NULL_CONVERSION = YES;
				CLANG_WARN_OBJC_IMPLICIT_RETAIN_SELF = YES;
				CLANG_WARN_OBJC_LITERAL_CONVERSION = YES;
				CLANG_WARN_OBJC_ROOT_CLASS = YES_ERROR;
				CLANG_WARN_RANGE_LOOP_ANALYSIS = YES;
				CLANG_WARN_STRICT_PROTOTYPES = YES;
				CLANG_WARN_SUSPICIOUS_MOVE = YES;
				CLANG_WARN_UNGUARDED_AVAILABILITY = YES_AGGRESSIVE;
				CLANG_WARN_UNREACHABLE_CODE = YES;
				CLANG_WARN__DUPLICATE_METHOD_MATCH = YES;
				CODE_SIGN_IDENTITY = "iPhone Developer";
				COPY_PHASE_STRIP = NO;
				DEBUG_INFORMATION_FORMAT = "dwarf-with-dsym";
				ENABLE_NS_ASSERTIONS = NO;
				ENABLE_STRICT_OBJC_MSGSEND = YES;
				GCC_C_LANGUAGE_STANDARD = gnu11;
				GCC_NO_COMMON_BLOCKS = YES;
				GCC_WARN_64_TO_32_BIT_CONVERSION = YES;
				GCC_WARN_ABOUT_RETURN_TYPE = YES_ERROR;
				GCC_WARN_UNDECLARED_SELECTOR = YES;
				GCC_WARN_UNINITIALIZED_AUTOS = YES_AGGRESSIVE;
				GCC_WARN_UNUSED_FUNCTION = YES;
				GCC_WARN_UNUSED_VARIABLE = YES;
				IPHONEOS_DEPLOYMENT_TARGET = 12.1;
				MTL_ENABLE_DEBUG_INFO = NO;
				MTL_FAST_MATH = YES;
				SDKROOT = iphoneos;
				SWIFT_COMPILATION_MODE = wholemodule;
				SWIFT_OPTIMIZATION_LEVEL = "-O";
				VALIDATE_PRODUCT = YES;
			};
			name = Release;
		};
		AFF309D022679BA600F95A95 /* Debug */ = {
			isa = XCBuildConfiguration;
			buildSettings = {
				ASSETCATALOG_COMPILER_APPICON_NAME = AppIcon;
				CODE_SIGN_STYLE = Automatic;
				DEVELOPMENT_TEAM = 5CNQUNCVHP;
				INFOPLIST_FILE = CurrencyExchange/Info.plist;
				IPHONEOS_DEPLOYMENT_TARGET = 11.0;
				LD_RUNPATH_SEARCH_PATHS = (
					"$(inherited)",
					"@executable_path/Frameworks",
				);
				PRODUCT_BUNDLE_IDENTIFIER = com.future.CurrencyExchange;
				PRODUCT_NAME = "$(TARGET_NAME)";
				SWIFT_VERSION = 4.2;
				TARGETED_DEVICE_FAMILY = 1;
			};
			name = Debug;
		};
		AFF309D122679BA600F95A95 /* Release */ = {
			isa = XCBuildConfiguration;
			buildSettings = {
				ASSETCATALOG_COMPILER_APPICON_NAME = AppIcon;
				CODE_SIGN_STYLE = Automatic;
				DEVELOPMENT_TEAM = 5CNQUNCVHP;
				INFOPLIST_FILE = CurrencyExchange/Info.plist;
				IPHONEOS_DEPLOYMENT_TARGET = 11.0;
				LD_RUNPATH_SEARCH_PATHS = (
					"$(inherited)",
					"@executable_path/Frameworks",
				);
				PRODUCT_BUNDLE_IDENTIFIER = com.future.CurrencyExchange;
				PRODUCT_NAME = "$(TARGET_NAME)";
				SWIFT_VERSION = 4.2;
				TARGETED_DEVICE_FAMILY = 1;
			};
			name = Release;
		};
/* End XCBuildConfiguration section */

/* Begin XCConfigurationList section */
		AFF309B522679BA400F95A95 /* Build configuration list for PBXProject "CurrencyExchange" */ = {
			isa = XCConfigurationList;
			buildConfigurations = (
				AFF309CD22679BA600F95A95 /* Debug */,
				AFF309CE22679BA600F95A95 /* Release */,
			);
			defaultConfigurationIsVisible = 0;
			defaultConfigurationName = Release;
		};
		AFF309CF22679BA600F95A95 /* Build configuration list for PBXNativeTarget "CurrencyExchange" */ = {
			isa = XCConfigurationList;
			buildConfigurations = (
				AFF309D022679BA600F95A95 /* Debug */,
				AFF309D122679BA600F95A95 /* Release */,
			);
			defaultConfigurationIsVisible = 0;
			defaultConfigurationName = Release;
		};
/* End XCConfigurationList section */

/* Begin XCVersionGroup section */
		AFF309C422679BA500F95A95 /* CurrencyExchange.xcdatamodeld */ = {
			isa = XCVersionGroup;
			children = (
				AFF309C522679BA500F95A95 /* CurrencyExchange.xcdatamodel */,
			);
			currentVersion = AFF309C522679BA500F95A95 /* CurrencyExchange.xcdatamodel */;
			path = CurrencyExchange.xcdatamodeld;
			sourceTree = "<group>";
			versionGroupType = wrapper.xcdatamodel;
		};
/* End XCVersionGroup section */
	};
	rootObject = AFF309B222679BA400F95A95 /* Project object */;
}
